// !$*UTF8*$!
{
	archiveVersion = 1;
	classes = {
	};
	objectVersion = 46;
	objects = {

/* Begin PBXBuildFile section */
		DC169EC71BDBCA5300742B9A /* AppDelegate.swift in Sources */ = {isa = PBXBuildFile; fileRef = DC169EC61BDBCA5300742B9A /* AppDelegate.swift */; };
		DC169EC91BDBCA5300742B9A /* ViewController.swift in Sources */ = {isa = PBXBuildFile; fileRef = DC169EC81BDBCA5300742B9A /* ViewController.swift */; };
		DC169ECC1BDBCA5300742B9A /* Main.storyboard in Resources */ = {isa = PBXBuildFile; fileRef = DC169ECA1BDBCA5300742B9A /* Main.storyboard */; };
		DC169ECF1BDBCA5300742B9A /* NearbEYE.xcdatamodeld in Sources */ = {isa = PBXBuildFile; fileRef = DC169ECD1BDBCA5300742B9A /* NearbEYE.xcdatamodeld */; };
		DC169ED11BDBCA5300742B9A /* Assets.xcassets in Resources */ = {isa = PBXBuildFile; fileRef = DC169ED01BDBCA5300742B9A /* Assets.xcassets */; };
		DC169ED41BDBCA5300742B9A /* LaunchScreen.storyboard in Resources */ = {isa = PBXBuildFile; fileRef = DC169ED21BDBCA5300742B9A /* LaunchScreen.storyboard */; };
/* End PBXBuildFile section */

/* Begin PBXFileReference section */
		DC169EC31BDBCA5300742B9A /* NearbEYE.app */ = {isa = PBXFileReference; explicitFileType = wrapper.application; includeInIndex = 0; path = NearbEYE.app; sourceTree = BUILT_PRODUCTS_DIR; };
		DC169EC61BDBCA5300742B9A /* AppDelegate.swift */ = {isa = PBXFileReference; lastKnownFileType = sourcecode.swift; path = AppDelegate.swift; sourceTree = "<group>"; };
		DC169EC81BDBCA5300742B9A /* ViewController.swift */ = {isa = PBXFileReference; lastKnownFileType = sourcecode.swift; path = ViewController.swift; sourceTree = "<group>"; };
		DC169ECB1BDBCA5300742B9A /* Base */ = {isa = PBXFileReference; lastKnownFileType = file.storyboard; name = Base; path = Base.lproj/Main.storyboard; sourceTree = "<group>"; };
		DC169ECE1BDBCA5300742B9A /* NearbEYE.xcdatamodel */ = {isa = PBXFileReference; lastKnownFileType = wrapper.xcdatamodel; path = NearbEYE.xcdatamodel; sourceTree = "<group>"; };
		DC169ED01BDBCA5300742B9A /* Assets.xcassets */ = {isa = PBXFileReference; lastKnownFileType = folder.assetcatalog; path = Assets.xcassets; sourceTree = "<group>"; };
		DC169ED31BDBCA5300742B9A /* Base */ = {isa = PBXFileReference; lastKnownFileType = file.storyboard; name = Base; path = Base.lproj/LaunchScreen.storyboard; sourceTree = "<group>"; };
		DC169ED51BDBCA5300742B9A /* Info.plist */ = {isa = PBXFileReference; lastKnownFileType = text.plist.xml; path = Info.plist; sourceTree = "<group>"; };
/* End PBXFileReference section */

/* Begin PBXFrameworksBuildPhase section */
		DC169EC01BDBCA5300742B9A /* Frameworks */ = {
			isa = PBXFrameworksBuildPhase;
			buildActionMask = 2147483647;
			files = (
			);
			runOnlyForDeploymentPostprocessing = 0;
		};
/* End PBXFrameworksBuildPhase section */

/* Begin PBXGroup section */
		DC169EBA1BDBCA5300742B9A = {
			isa = PBXGroup;
			children = (
				DC169EC51BDBCA5300742B9A /* NearbEYE */,
				DC169EC41BDBCA5300742B9A /* Products */,
			);
			sourceTree = "<group>";
		};
		DC169EC41BDBCA5300742B9A /* Products */ = {
			isa = PBXGroup;
			children = (
				DC169EC31BDBCA5300742B9A /* NearbEYE.app */,
			);
			name = Products;
			sourceTree = "<group>";
		};
		DC169EC51BDBCA5300742B9A /* NearbEYE */ = {
			isa = PBXGroup;
			children = (
				DC169EC61BDBCA5300742B9A /* AppDelegate.swift */,
				DC169EC81BDBCA5300742B9A /* ViewController.swift */,
				DC169ECA1BDBCA5300742B9A /* Main.storyboard */,
				DC169ED01BDBCA5300742B9A /* Assets.xcassets */,
				DC169ED21BDBCA5300742B9A /* LaunchScreen.storyboard */,
				DC169ED51BDBCA5300742B9A /* Info.plist */,
				DC169ECD1BDBCA5300742B9A /* NearbEYE.xcdatamodeld */,
			);
			path = NearbEYE;
			sourceTree = "<group>";
		};
/* End PBXGroup section */

/* Begin PBXNativeTarget section */
		DC169EC21BDBCA5300742B9A /* NearbEYE */ = {
			isa = PBXNativeTarget;
			buildConfigurationList = DC169ED81BDBCA5300742B9A /* Build configuration list for PBXNativeTarget "NearbEYE" */;
			buildPhases = (
				DC169EBF1BDBCA5300742B9A /* Sources */,
				DC169EC01BDBCA5300742B9A /* Frameworks */,
				DC169EC11BDBCA5300742B9A /* Resources */,
			);
			buildRules = (
			);
			dependencies = (
			);
			name = NearbEYE;
			productName = NearbEYE;
			productReference = DC169EC31BDBCA5300742B9A /* NearbEYE.app */;
			productType = "com.apple.product-type.application";
		};
/* End PBXNativeTarget section */

/* Begin PBXProject section */
		DC169EBB1BDBCA5300742B9A /* Project object */ = {
			isa = PBXProject;
			attributes = {
				LastSwiftUpdateCheck = 0710;
				LastUpgradeCheck = 0710;
				ORGANIZATIONNAME = "Stephen Melinyshyn";
				TargetAttributes = {
					DC169EC21BDBCA5300742B9A = {
						CreatedOnToolsVersion = 7.1;
					};
				};
			};
			buildConfigurationList = DC169EBE1BDBCA5300742B9A /* Build configuration list for PBXProject "NearbEYE" */;
			compatibilityVersion = "Xcode 3.2";
			developmentRegion = English;
			hasScannedForEncodings = 0;
			knownRegions = (
				en,
				Base,
			);
			mainGroup = DC169EBA1BDBCA5300742B9A;
			productRefGroup = DC169EC41BDBCA5300742B9A /* Products */;
			projectDirPath = "";
			projectRoot = "";
			targets = (
				DC169EC21BDBCA5300742B9A /* NearbEYE */,
			);
		};
/* End PBXProject section */

/* Begin PBXResourcesBuildPhase section */
		DC169EC11BDBCA5300742B9A /* Resources */ = {
			isa = PBXResourcesBuildPhase;
			buildActionMask = 2147483647;
			files = (
				DC169ED41BDBCA5300742B9A /* LaunchScreen.storyboard in Resources */,
				DC169ED11BDBCA5300742B9A /* Assets.xcassets in Resources */,
				DC169ECC1BDBCA5300742B9A /* Main.storyboard in Resources */,
			);
			runOnlyForDeploymentPostprocessing = 0;
		};
/* End PBXResourcesBuildPhase section */

/* Begin PBXSourcesBuildPhase section */
		DC169EBF1BDBCA5300742B9A /* Sources */ = {
			isa = PBXSourcesBuildPhase;
			buildActionMask = 2147483647;
			files = (
				DC169EC91BDBCA5300742B9A /* ViewController.swift in Sources */,
				DC169EC71BDBCA5300742B9A /* AppDelegate.swift in Sources */,
				DC169ECF1BDBCA5300742B9A /* NearbEYE.xcdatamodeld in Sources */,
			);
			runOnlyForDeploymentPostprocessing = 0;
		};
/* End PBXSourcesBuildPhase section */

/* Begin PBXVariantGroup section */
		DC169ECA1BDBCA5300742B9A /* Main.storyboard */ = {
			isa = PBXVariantGroup;
			children = (
				DC169ECB1BDBCA5300742B9A /* Base */,
			);
			name = Main.storyboard;
			sourceTree = "<group>";
		};
		DC169ED21BDBCA5300742B9A /* LaunchScreen.storyboard */ = {
			isa = PBXVariantGroup;
			children = (
				DC169ED31BDBCA5300742B9A /* Base */,
			);
			name = LaunchScreen.storyboard;
			sourceTree = "<group>";
		};
/* End PBXVariantGroup section */

/* Begin XCBuildConfiguration section */
		DC169ED61BDBCA5300742B9A /* Debug */ = {
			isa = XCBuildConfiguration;
			buildSettings = {
				ALWAYS_SEARCH_USER_PATHS = NO;
				CLANG_CXX_LANGUAGE_STANDARD = "gnu++0x";
				CLANG_CXX_LIBRARY = "libc++";
				CLANG_ENABLE_MODULES = YES;
				CLANG_ENABLE_OBJC_ARC = YES;
				CLANG_WARN_BOOL_CONVERSION = YES;
				CLANG_WARN_CONSTANT_CONVERSION = YES;
				CLANG_WARN_DIRECT_OBJC_ISA_USAGE = YES_ERROR;
				CLANG_WARN_EMPTY_BODY = YES;
				CLANG_WARN_ENUM_CONVERSION = YES;
				CLANG_WARN_INT_CONVERSION = YES;
				CLANG_WARN_OBJC_ROOT_CLASS = YES_ERROR;
				CLANG_WARN_UNREACHABLE_CODE = YES;
				CLANG_WARN__DUPLICATE_METHOD_MATCH = YES;
				"CODE_SIGN_IDENTITY[sdk=iphoneos*]" = "iPhone Developer";
				COPY_PHASE_STRIP = NO;
				DEBUG_INFORMATION_FORMAT = dwarf;
				ENABLE_STRICT_OBJC_MSGSEND = YES;
				ENABLE_TESTABILITY = YES;
				GCC_C_LANGUAGE_STANDARD = gnu99;
				GCC_DYNAMIC_NO_PIC = NO;
				GCC_NO_COMMON_BLOCKS = YES;
				GCC_OPTIMIZATION_LEVEL = 0;
				GCC_PREPROCESSOR_DEFINITIONS = (
					"DEBUG=1",
					"$(inherited)",
				);
				GCC_WARN_64_TO_32_BIT_CONVERSION = YES;
				GCC_WARN_ABOUT_RETURN_TYPE = YES_ERROR;
				GCC_WARN_UNDECLARED_SELECTOR = YES;
				GCC_WARN_UNINITIALIZED_AUTOS = YES_AGGRESSIVE;
				GCC_WARN_UNUSED_FUNCTION = YES;
				GCC_WARN_UNUSED_VARIABLE = YES;
				IPHONEOS_DEPLOYMENT_TARGET = 9.1;
				MTL_ENABLE_DEBUG_INFO = YES;
				ONLY_ACTIVE_ARCH = YES;
				SDKROOT = iphoneos;
				SWIFT_OPTIMIZATION_LEVEL = "-Onone";
				TARGETED_DEVICE_FAMILY = "1,2";
			};
			name = Debug;
		};
		DC169ED71BDBCA5300742B9A /* Release */ = {
			isa = XCBuildConfiguration;
			buildSettings = {
				ALWAYS_SEARCH_USER_PATHS = NO;
				CLANG_CXX_LANGUAGE_STANDARD = "gnu++0x";
				CLANG_CXX_LIBRARY = "libc++";
				CLANG_ENABLE_MODULES = YES;
				CLANG_ENABLE_OBJC_ARC = YES;
				CLANG_WARN_BOOL_CONVERSION = YES;
				CLANG_WARN_CONSTANT_CONVERSION = YES;
				CLANG_WARN_DIRECT_OBJC_ISA_USAGE = YES_ERROR;
				CLANG_WARN_EMPTY_BODY = YES;
				CLANG_WARN_ENUM_CONVERSION = YES;
				CLANG_WARN_INT_CONVERSION = YES;
				CLANG_WARN_OBJC_ROOT_CLASS = YES_ERROR;
				CLANG_WARN_UNREACHABLE_CODE = YES;
				CLANG_WARN__DUPLICATE_METHOD_MATCH = YES;
				"CODE_SIGN_IDENTITY[sdk=iphoneos*]" = "iPhone Developer";
				COPY_PHASE_STRIP = NO;
				DEBUG_INFORMATION_FORMAT = "dwarf-with-dsym";
				ENABLE_NS_ASSERTIONS = NO;
				ENABLE_STRICT_OBJC_MSGSEND = YES;
				GCC_C_LANGUAGE_STANDARD = gnu99;
				GCC_NO_COMMON_BLOCKS = YES;
				GCC_WARN_64_TO_32_BIT_CONVERSION = YES;
				GCC_WARN_ABOUT_RETURN_TYPE = YES_ERROR;
				GCC_WARN_UNDECLARED_SELECTOR = YES;
				GCC_WARN_UNINITIALIZED_AUTOS = YES_AGGRESSIVE;
				GCC_WARN_UNUSED_FUNCTION = YES;
				GCC_WARN_UNUSED_VARIABLE = YES;
				IPHONEOS_DEPLOYMENT_TARGET = 9.1;
				MTL_ENABLE_DEBUG_INFO = NO;
				SDKROOT = iphoneos;
				TARGETED_DEVICE_FAMILY = "1,2";
				VALIDATE_PRODUCT = YES;
			};
			name = Release;
		};
		DC169ED91BDBCA5300742B9A /* Debug */ = {
			isa = XCBuildConfiguration;
			buildSettings = {
				ASSETCATALOG_COMPILER_APPICON_NAME = AppIcon;
				INFOPLIST_FILE = NearbEYE/Info.plist;
				LD_RUNPATH_SEARCH_PATHS = "$(inherited) @executable_path/Frameworks";
				PRODUCT_BUNDLE_IDENTIFIER = "Stephen-Melinyshyn.NearbEYE";
				PRODUCT_NAME = "$(TARGET_NAME)";
			};
			name = Debug;
		};
		DC169EDA1BDBCA5300742B9A /* Release */ = {
			isa = XCBuildConfiguration;
			buildSettings = {
				ASSETCATALOG_COMPILER_APPICON_NAME = AppIcon;
				INFOPLIST_FILE = NearbEYE/Info.plist;
				LD_RUNPATH_SEARCH_PATHS = "$(inherited) @executable_path/Frameworks";
				PRODUCT_BUNDLE_IDENTIFIER = "Stephen-Melinyshyn.NearbEYE";
				PRODUCT_NAME = "$(TARGET_NAME)";
			};
			name = Release;
		};
/* End XCBuildConfiguration section */

/* Begin XCConfigurationList section */
		DC169EBE1BDBCA5300742B9A /* Build configuration list for PBXProject "NearbEYE" */ = {
			isa = XCConfigurationList;
			buildConfigurations = (
				DC169ED61BDBCA5300742B9A /* Debug */,
				DC169ED71BDBCA5300742B9A /* Release */,
			);
			defaultConfigurationIsVisible = 0;
			defaultConfigurationName = Release;
		};
		DC169ED81BDBCA5300742B9A /* Build configuration list for PBXNativeTarget "NearbEYE" */ = {
			isa = XCConfigurationList;
			buildConfigurations = (
				DC169ED91BDBCA5300742B9A /* Debug */,
				DC169EDA1BDBCA5300742B9A /* Release */,
			);
			defaultConfigurationIsVisible = 0;
		};
/* End XCConfigurationList section */

/* Begin XCVersionGroup section */
		DC169ECD1BDBCA5300742B9A /* NearbEYE.xcdatamodeld */ = {
			isa = XCVersionGroup;
			children = (
				DC169ECE1BDBCA5300742B9A /* NearbEYE.xcdatamodel */,
			);
			currentVersion = DC169ECE1BDBCA5300742B9A /* NearbEYE.xcdatamodel */;
			path = NearbEYE.xcdatamodeld;
			sourceTree = "<group>";
			versionGroupType = wrapper.xcdatamodel;
		};
/* End XCVersionGroup section */
	};
	rootObject = DC169EBB1BDBCA5300742B9A /* Project object */;
}
