// !$*UTF8*$!
{
	archiveVersion = 1;
	classes = {
	};
	objectVersion = 46;
	objects = {

/* Begin PBXBuildFile section */
		93387DDE1BDBFC75009B7963 /* TableViewCellParks.swift in Sources */ = {isa = PBXBuildFile; fileRef = 93387DDC1BDBFC75009B7963 /* TableViewCellParks.swift */; settings = {ASSET_TAGS = (); }; };
		93387DDF1BDBFC75009B7963 /* TableViewCellParks.xib in Resources */ = {isa = PBXBuildFile; fileRef = 93387DDD1BDBFC75009B7963 /* TableViewCellParks.xib */; settings = {ASSET_TAGS = (); }; };
		93387DE21BDC03C1009B7963 /* TableViewCellSportField.swift in Sources */ = {isa = PBXBuildFile; fileRef = 93387DE01BDC03C1009B7963 /* TableViewCellSportField.swift */; settings = {ASSET_TAGS = (); }; };
		93387DE31BDC03C1009B7963 /* TableViewCellSportField.xib in Resources */ = {isa = PBXBuildFile; fileRef = 93387DE11BDC03C1009B7963 /* TableViewCellSportField.xib */; settings = {ASSET_TAGS = (); }; };
		93387DE61BDC064C009B7963 /* TableViewCellPlayground.swift in Sources */ = {isa = PBXBuildFile; fileRef = 93387DE41BDC064C009B7963 /* TableViewCellPlayground.swift */; settings = {ASSET_TAGS = (); }; };
		93387DE71BDC064C009B7963 /* TableViewCellPlayground.xib in Resources */ = {isa = PBXBuildFile; fileRef = 93387DE51BDC064C009B7963 /* TableViewCellPlayground.xib */; settings = {ASSET_TAGS = (); }; };
		93387DEA1BDC084B009B7963 /* TableViewCellRink.swift in Sources */ = {isa = PBXBuildFile; fileRef = 93387DE81BDC084B009B7963 /* TableViewCellRink.swift */; settings = {ASSET_TAGS = (); }; };
		93387DEB1BDC084B009B7963 /* TableViewCellRink.xib in Resources */ = {isa = PBXBuildFile; fileRef = 93387DE91BDC084B009B7963 /* TableViewCellRink.xib */; settings = {ASSET_TAGS = (); }; };
		93387DEE1BDC11ED009B7963 /* TableViewCellWorship.swift in Sources */ = {isa = PBXBuildFile; fileRef = 93387DEC1BDC11ED009B7963 /* TableViewCellWorship.swift */; settings = {ASSET_TAGS = (); }; };
		93387DEF1BDC11ED009B7963 /* TableViewCellWorship.xib in Resources */ = {isa = PBXBuildFile; fileRef = 93387DED1BDC11ED009B7963 /* TableViewCellWorship.xib */; settings = {ASSET_TAGS = (); }; };
		93387DF21BDC132C009B7963 /* TableViewCellArt.swift in Sources */ = {isa = PBXBuildFile; fileRef = 93387DF01BDC132C009B7963 /* TableViewCellArt.swift */; settings = {ASSET_TAGS = (); }; };
		93387DF31BDC132C009B7963 /* TableViewCellArt.xib in Resources */ = {isa = PBXBuildFile; fileRef = 93387DF11BDC132C009B7963 /* TableViewCellArt.xib */; settings = {ASSET_TAGS = (); }; };
		DC169EC71BDBCA5300742B9A /* AppDelegate.swift in Sources */ = {isa = PBXBuildFile; fileRef = DC169EC61BDBCA5300742B9A /* AppDelegate.swift */; };
		DC169EC91BDBCA5300742B9A /* ViewController.swift in Sources */ = {isa = PBXBuildFile; fileRef = DC169EC81BDBCA5300742B9A /* ViewController.swift */; };
		DC169ECC1BDBCA5300742B9A /* Main.storyboard in Resources */ = {isa = PBXBuildFile; fileRef = DC169ECA1BDBCA5300742B9A /* Main.storyboard */; };
		DC169ECF1BDBCA5300742B9A /* NearbEYE.xcdatamodeld in Sources */ = {isa = PBXBuildFile; fileRef = DC169ECD1BDBCA5300742B9A /* NearbEYE.xcdatamodeld */; };
		DC169ED11BDBCA5300742B9A /* Assets.xcassets in Resources */ = {isa = PBXBuildFile; fileRef = DC169ED01BDBCA5300742B9A /* Assets.xcassets */; };
		DC169ED41BDBCA5300742B9A /* LaunchScreen.storyboard in Resources */ = {isa = PBXBuildFile; fileRef = DC169ED21BDBCA5300742B9A /* LaunchScreen.storyboard */; };
		DC169EE31BDBCD1800742B9A /* OutdoorRinks.json in Resources */ = {isa = PBXBuildFile; fileRef = DC169EDB1BDBCD1800742B9A /* OutdoorRinks.json */; };
		DC169EE41BDBCD1800742B9A /* ParksSpaces.json in Resources */ = {isa = PBXBuildFile; fileRef = DC169EDC1BDBCD1800742B9A /* ParksSpaces.json */; };
		DC169EE51BDBCD1800742B9A /* PlacesOfWorship.json in Resources */ = {isa = PBXBuildFile; fileRef = DC169EDD1BDBCD1800742B9A /* PlacesOfWorship.json */; };
		DC169EE61BDBCD1800742B9A /* Playgrounds.json in Resources */ = {isa = PBXBuildFile; fileRef = DC169EDE1BDBCD1800742B9A /* Playgrounds.json */; };
		DC169EE71BDBCD1800742B9A /* PointsOfInterest.json in Resources */ = {isa = PBXBuildFile; fileRef = DC169EDF1BDBCD1800742B9A /* PointsOfInterest.json */; };
		DC169EE81BDBCD1800742B9A /* PublicArt.json in Resources */ = {isa = PBXBuildFile; fileRef = DC169EE01BDBCD1800742B9A /* PublicArt.json */; };
		DC169EE91BDBCD1800742B9A /* SportsFieldsDiamonds.json in Resources */ = {isa = PBXBuildFile; fileRef = DC169EE11BDBCD1800742B9A /* SportsFieldsDiamonds.json */; };
		DC169EEA1BDBCD1800742B9A /* UrbanDesignAwards.json in Resources */ = {isa = PBXBuildFile; fileRef = DC169EE21BDBCD1800742B9A /* UrbanDesignAwards.json */; };
		DC169EEE1BDBD45E00742B9A /* Operation.swift in Sources */ = {isa = PBXBuildFile; fileRef = DC169EEC1BDBD45E00742B9A /* Operation.swift */; };
		DC169EEF1BDBD45E00742B9A /* OperationQueue.swift in Sources */ = {isa = PBXBuildFile; fileRef = DC169EED1BDBD45E00742B9A /* OperationQueue.swift */; };
		DC169EF11BDBD47B00742B9A /* LoadJSONOperation.swift in Sources */ = {isa = PBXBuildFile; fileRef = DC169EF01BDBD47B00742B9A /* LoadJSONOperation.swift */; };
		DC169EF31BDBD4BB00742B9A /* PolygonsFromJSONOperation.swift in Sources */ = {isa = PBXBuildFile; fileRef = DC169EF21BDBD4BB00742B9A /* PolygonsFromJSONOperation.swift */; };
		DC169EF51BDBD54B00742B9A /* ParseRinksOp.swift in Sources */ = {isa = PBXBuildFile; fileRef = DC169EF41BDBD54B00742B9A /* ParseRinksOp.swift */; };
		DC169F061BDBD6BC00742B9A /* PointOfInterest+CoreDataProperties.swift in Sources */ = {isa = PBXBuildFile; fileRef = DC169EF61BDBD6BC00742B9A /* PointOfInterest+CoreDataProperties.swift */; };
		DC169F071BDBD6BC00742B9A /* PointOfInterest.swift in Sources */ = {isa = PBXBuildFile; fileRef = DC169EF71BDBD6BC00742B9A /* PointOfInterest.swift */; };
		DC169F081BDBD6BC00742B9A /* SportField+CoreDataProperties.swift in Sources */ = {isa = PBXBuildFile; fileRef = DC169EF81BDBD6BC00742B9A /* SportField+CoreDataProperties.swift */; };
		DC169F091BDBD6BC00742B9A /* SportField.swift in Sources */ = {isa = PBXBuildFile; fileRef = DC169EF91BDBD6BC00742B9A /* SportField.swift */; };
		DC169F0A1BDBD6BC00742B9A /* PlacesOfWorship+CoreDataProperties.swift in Sources */ = {isa = PBXBuildFile; fileRef = DC169EFA1BDBD6BC00742B9A /* PlacesOfWorship+CoreDataProperties.swift */; };
		DC169F0B1BDBD6BC00742B9A /* PlacesOfWorship.swift in Sources */ = {isa = PBXBuildFile; fileRef = DC169EFB1BDBD6BC00742B9A /* PlacesOfWorship.swift */; };
		DC169F0C1BDBD6BC00742B9A /* Rink+CoreDataProperties.swift in Sources */ = {isa = PBXBuildFile; fileRef = DC169EFC1BDBD6BC00742B9A /* Rink+CoreDataProperties.swift */; };
		DC169F0D1BDBD6BC00742B9A /* Rink.swift in Sources */ = {isa = PBXBuildFile; fileRef = DC169EFD1BDBD6BC00742B9A /* Rink.swift */; };
		DC169F0E1BDBD6BC00742B9A /* Park+CoreDataProperties.swift in Sources */ = {isa = PBXBuildFile; fileRef = DC169EFE1BDBD6BC00742B9A /* Park+CoreDataProperties.swift */; };
		DC169F0F1BDBD6BC00742B9A /* Park.swift in Sources */ = {isa = PBXBuildFile; fileRef = DC169EFF1BDBD6BC00742B9A /* Park.swift */; };
		DC169F101BDBD6BC00742B9A /* UrbanDesignAward+CoreDataProperties.swift in Sources */ = {isa = PBXBuildFile; fileRef = DC169F001BDBD6BC00742B9A /* UrbanDesignAward+CoreDataProperties.swift */; };
		DC169F111BDBD6BC00742B9A /* UrbanDesignAward.swift in Sources */ = {isa = PBXBuildFile; fileRef = DC169F011BDBD6BC00742B9A /* UrbanDesignAward.swift */; };
		DC169F121BDBD6BC00742B9A /* Art+CoreDataProperties.swift in Sources */ = {isa = PBXBuildFile; fileRef = DC169F021BDBD6BC00742B9A /* Art+CoreDataProperties.swift */; };
		DC169F131BDBD6BC00742B9A /* Art.swift in Sources */ = {isa = PBXBuildFile; fileRef = DC169F031BDBD6BC00742B9A /* Art.swift */; };
		DC169F141BDBD6BC00742B9A /* Playgrounds+CoreDataProperties.swift in Sources */ = {isa = PBXBuildFile; fileRef = DC169F041BDBD6BC00742B9A /* Playgrounds+CoreDataProperties.swift */; };
		DC169F151BDBD6BC00742B9A /* Playgrounds.swift in Sources */ = {isa = PBXBuildFile; fileRef = DC169F051BDBD6BC00742B9A /* Playgrounds.swift */; };
		DC169F181BDBD82A00742B9A /* ParseParksOp.swift in Sources */ = {isa = PBXBuildFile; fileRef = DC169F171BDBD82A00742B9A /* ParseParksOp.swift */; };
		DC169F1A1BDBDBFD00742B9A /* ParseWorshipPlacesOp.swift in Sources */ = {isa = PBXBuildFile; fileRef = DC169F191BDBDBFD00742B9A /* ParseWorshipPlacesOp.swift */; };
		DC169F1C1BDBDD2800742B9A /* ParsePlayGroundsOp.swift in Sources */ = {isa = PBXBuildFile; fileRef = DC169F1B1BDBDD2800742B9A /* ParsePlayGroundsOp.swift */; };
		DC169F1E1BDBDF4C00742B9A /* ParsePOIsOP.swift in Sources */ = {isa = PBXBuildFile; fileRef = DC169F1D1BDBDF4C00742B9A /* ParsePOIsOP.swift */; };
		DC169F201BDBDFE500742B9A /* ParsePublicArtOp.swift in Sources */ = {isa = PBXBuildFile; fileRef = DC169F1F1BDBDFE500742B9A /* ParsePublicArtOp.swift */; };
		DC169F221BDBE1F400742B9A /* ParseSportFieldsOp.swift in Sources */ = {isa = PBXBuildFile; fileRef = DC169F211BDBE1F400742B9A /* ParseSportFieldsOp.swift */; };
		DC169F241BDBE35600742B9A /* ParseUrbdanDesignAOp.swift in Sources */ = {isa = PBXBuildFile; fileRef = DC169F231BDBE35600742B9A /* ParseUrbdanDesignAOp.swift */; };
		DC169F291BDBF5C400742B9A /* CoreDataCommunicator.swift in Sources */ = {isa = PBXBuildFile; fileRef = DC169F281BDBF5C400742B9A /* CoreDataCommunicator.swift */; };
/* End PBXBuildFile section */

/* Begin PBXFileReference section */
		93387DDC1BDBFC75009B7963 /* TableViewCellParks.swift */ = {isa = PBXFileReference; fileEncoding = 4; lastKnownFileType = sourcecode.swift; path = TableViewCellParks.swift; sourceTree = "<group>"; };
		93387DDD1BDBFC75009B7963 /* TableViewCellParks.xib */ = {isa = PBXFileReference; fileEncoding = 4; lastKnownFileType = file.xib; path = TableViewCellParks.xib; sourceTree = "<group>"; };
		93387DE01BDC03C1009B7963 /* TableViewCellSportField.swift */ = {isa = PBXFileReference; fileEncoding = 4; lastKnownFileType = sourcecode.swift; path = TableViewCellSportField.swift; sourceTree = "<group>"; };
		93387DE11BDC03C1009B7963 /* TableViewCellSportField.xib */ = {isa = PBXFileReference; fileEncoding = 4; lastKnownFileType = file.xib; path = TableViewCellSportField.xib; sourceTree = "<group>"; };
		93387DE41BDC064C009B7963 /* TableViewCellPlayground.swift */ = {isa = PBXFileReference; fileEncoding = 4; lastKnownFileType = sourcecode.swift; path = TableViewCellPlayground.swift; sourceTree = "<group>"; };
		93387DE51BDC064C009B7963 /* TableViewCellPlayground.xib */ = {isa = PBXFileReference; fileEncoding = 4; lastKnownFileType = file.xib; path = TableViewCellPlayground.xib; sourceTree = "<group>"; };
		93387DE81BDC084B009B7963 /* TableViewCellRink.swift */ = {isa = PBXFileReference; fileEncoding = 4; lastKnownFileType = sourcecode.swift; path = TableViewCellRink.swift; sourceTree = "<group>"; };
		93387DE91BDC084B009B7963 /* TableViewCellRink.xib */ = {isa = PBXFileReference; fileEncoding = 4; lastKnownFileType = file.xib; path = TableViewCellRink.xib; sourceTree = "<group>"; };
		93387DEC1BDC11ED009B7963 /* TableViewCellWorship.swift */ = {isa = PBXFileReference; fileEncoding = 4; lastKnownFileType = sourcecode.swift; path = TableViewCellWorship.swift; sourceTree = "<group>"; };
		93387DED1BDC11ED009B7963 /* TableViewCellWorship.xib */ = {isa = PBXFileReference; fileEncoding = 4; lastKnownFileType = file.xib; path = TableViewCellWorship.xib; sourceTree = "<group>"; };
		93387DF01BDC132C009B7963 /* TableViewCellArt.swift */ = {isa = PBXFileReference; fileEncoding = 4; lastKnownFileType = sourcecode.swift; path = TableViewCellArt.swift; sourceTree = "<group>"; };
		93387DF11BDC132C009B7963 /* TableViewCellArt.xib */ = {isa = PBXFileReference; fileEncoding = 4; lastKnownFileType = file.xib; path = TableViewCellArt.xib; sourceTree = "<group>"; };
		DC169EC31BDBCA5300742B9A /* NearbEYE.app */ = {isa = PBXFileReference; explicitFileType = wrapper.application; includeInIndex = 0; path = NearbEYE.app; sourceTree = BUILT_PRODUCTS_DIR; };
		DC169EC61BDBCA5300742B9A /* AppDelegate.swift */ = {isa = PBXFileReference; lastKnownFileType = sourcecode.swift; path = AppDelegate.swift; sourceTree = "<group>"; };
		DC169EC81BDBCA5300742B9A /* ViewController.swift */ = {isa = PBXFileReference; lastKnownFileType = sourcecode.swift; path = ViewController.swift; sourceTree = "<group>"; };
		DC169ECB1BDBCA5300742B9A /* Base */ = {isa = PBXFileReference; lastKnownFileType = file.storyboard; name = Base; path = Base.lproj/Main.storyboard; sourceTree = "<group>"; };
		DC169ECE1BDBCA5300742B9A /* NearbEYE.xcdatamodel */ = {isa = PBXFileReference; lastKnownFileType = wrapper.xcdatamodel; path = NearbEYE.xcdatamodel; sourceTree = "<group>"; };
		DC169ED01BDBCA5300742B9A /* Assets.xcassets */ = {isa = PBXFileReference; lastKnownFileType = folder.assetcatalog; path = Assets.xcassets; sourceTree = "<group>"; };
		DC169ED31BDBCA5300742B9A /* Base */ = {isa = PBXFileReference; lastKnownFileType = file.storyboard; name = Base; path = Base.lproj/LaunchScreen.storyboard; sourceTree = "<group>"; };
		DC169ED51BDBCA5300742B9A /* Info.plist */ = {isa = PBXFileReference; lastKnownFileType = text.plist.xml; path = Info.plist; sourceTree = "<group>"; };
		DC169EDB1BDBCD1800742B9A /* OutdoorRinks.json */ = {isa = PBXFileReference; fileEncoding = 4; lastKnownFileType = text.json; path = OutdoorRinks.json; sourceTree = "<group>"; };
		DC169EDC1BDBCD1800742B9A /* ParksSpaces.json */ = {isa = PBXFileReference; fileEncoding = 4; lastKnownFileType = text.json; path = ParksSpaces.json; sourceTree = "<group>"; };
		DC169EDD1BDBCD1800742B9A /* PlacesOfWorship.json */ = {isa = PBXFileReference; fileEncoding = 4; lastKnownFileType = text.json; path = PlacesOfWorship.json; sourceTree = "<group>"; };
		DC169EDE1BDBCD1800742B9A /* Playgrounds.json */ = {isa = PBXFileReference; fileEncoding = 4; lastKnownFileType = text.json; path = Playgrounds.json; sourceTree = "<group>"; };
		DC169EDF1BDBCD1800742B9A /* PointsOfInterest.json */ = {isa = PBXFileReference; fileEncoding = 4; lastKnownFileType = text.json; path = PointsOfInterest.json; sourceTree = "<group>"; };
		DC169EE01BDBCD1800742B9A /* PublicArt.json */ = {isa = PBXFileReference; fileEncoding = 4; lastKnownFileType = text.json; path = PublicArt.json; sourceTree = "<group>"; };
		DC169EE11BDBCD1800742B9A /* SportsFieldsDiamonds.json */ = {isa = PBXFileReference; fileEncoding = 4; lastKnownFileType = text.json; path = SportsFieldsDiamonds.json; sourceTree = "<group>"; };
		DC169EE21BDBCD1800742B9A /* UrbanDesignAwards.json */ = {isa = PBXFileReference; fileEncoding = 4; lastKnownFileType = text.json; path = UrbanDesignAwards.json; sourceTree = "<group>"; };
		DC169EEC1BDBD45E00742B9A /* Operation.swift */ = {isa = PBXFileReference; fileEncoding = 4; lastKnownFileType = sourcecode.swift; path = Operation.swift; sourceTree = "<group>"; };
		DC169EED1BDBD45E00742B9A /* OperationQueue.swift */ = {isa = PBXFileReference; fileEncoding = 4; lastKnownFileType = sourcecode.swift; path = OperationQueue.swift; sourceTree = "<group>"; };
		DC169EF01BDBD47B00742B9A /* LoadJSONOperation.swift */ = {isa = PBXFileReference; fileEncoding = 4; lastKnownFileType = sourcecode.swift; path = LoadJSONOperation.swift; sourceTree = "<group>"; };
		DC169EF21BDBD4BB00742B9A /* PolygonsFromJSONOperation.swift */ = {isa = PBXFileReference; fileEncoding = 4; lastKnownFileType = sourcecode.swift; path = PolygonsFromJSONOperation.swift; sourceTree = "<group>"; };
		DC169EF41BDBD54B00742B9A /* ParseRinksOp.swift */ = {isa = PBXFileReference; fileEncoding = 4; lastKnownFileType = sourcecode.swift; path = ParseRinksOp.swift; sourceTree = "<group>"; };
		DC169EF61BDBD6BC00742B9A /* PointOfInterest+CoreDataProperties.swift */ = {isa = PBXFileReference; fileEncoding = 4; lastKnownFileType = sourcecode.swift; name = "PointOfInterest+CoreDataProperties.swift"; path = "NearbEYE/PointOfInterest+CoreDataProperties.swift"; sourceTree = "<group>"; };
		DC169EF71BDBD6BC00742B9A /* PointOfInterest.swift */ = {isa = PBXFileReference; fileEncoding = 4; lastKnownFileType = sourcecode.swift; name = PointOfInterest.swift; path = NearbEYE/PointOfInterest.swift; sourceTree = "<group>"; };
		DC169EF81BDBD6BC00742B9A /* SportField+CoreDataProperties.swift */ = {isa = PBXFileReference; fileEncoding = 4; lastKnownFileType = sourcecode.swift; name = "SportField+CoreDataProperties.swift"; path = "NearbEYE/SportField+CoreDataProperties.swift"; sourceTree = "<group>"; };
		DC169EF91BDBD6BC00742B9A /* SportField.swift */ = {isa = PBXFileReference; fileEncoding = 4; lastKnownFileType = sourcecode.swift; name = SportField.swift; path = NearbEYE/SportField.swift; sourceTree = "<group>"; };
		DC169EFA1BDBD6BC00742B9A /* PlacesOfWorship+CoreDataProperties.swift */ = {isa = PBXFileReference; fileEncoding = 4; lastKnownFileType = sourcecode.swift; name = "PlacesOfWorship+CoreDataProperties.swift"; path = "NearbEYE/PlacesOfWorship+CoreDataProperties.swift"; sourceTree = "<group>"; };
		DC169EFB1BDBD6BC00742B9A /* PlacesOfWorship.swift */ = {isa = PBXFileReference; fileEncoding = 4; lastKnownFileType = sourcecode.swift; name = PlacesOfWorship.swift; path = NearbEYE/PlacesOfWorship.swift; sourceTree = "<group>"; };
		DC169EFC1BDBD6BC00742B9A /* Rink+CoreDataProperties.swift */ = {isa = PBXFileReference; fileEncoding = 4; lastKnownFileType = sourcecode.swift; name = "Rink+CoreDataProperties.swift"; path = "NearbEYE/Rink+CoreDataProperties.swift"; sourceTree = "<group>"; };
		DC169EFD1BDBD6BC00742B9A /* Rink.swift */ = {isa = PBXFileReference; fileEncoding = 4; lastKnownFileType = sourcecode.swift; name = Rink.swift; path = NearbEYE/Rink.swift; sourceTree = "<group>"; };
		DC169EFE1BDBD6BC00742B9A /* Park+CoreDataProperties.swift */ = {isa = PBXFileReference; fileEncoding = 4; lastKnownFileType = sourcecode.swift; name = "Park+CoreDataProperties.swift"; path = "NearbEYE/Park+CoreDataProperties.swift"; sourceTree = "<group>"; };
		DC169EFF1BDBD6BC00742B9A /* Park.swift */ = {isa = PBXFileReference; fileEncoding = 4; lastKnownFileType = sourcecode.swift; name = Park.swift; path = NearbEYE/Park.swift; sourceTree = "<group>"; };
		DC169F001BDBD6BC00742B9A /* UrbanDesignAward+CoreDataProperties.swift */ = {isa = PBXFileReference; fileEncoding = 4; lastKnownFileType = sourcecode.swift; name = "UrbanDesignAward+CoreDataProperties.swift"; path = "NearbEYE/UrbanDesignAward+CoreDataProperties.swift"; sourceTree = "<group>"; };
		DC169F011BDBD6BC00742B9A /* UrbanDesignAward.swift */ = {isa = PBXFileReference; fileEncoding = 4; lastKnownFileType = sourcecode.swift; name = UrbanDesignAward.swift; path = NearbEYE/UrbanDesignAward.swift; sourceTree = "<group>"; };
		DC169F021BDBD6BC00742B9A /* Art+CoreDataProperties.swift */ = {isa = PBXFileReference; fileEncoding = 4; lastKnownFileType = sourcecode.swift; name = "Art+CoreDataProperties.swift"; path = "NearbEYE/Art+CoreDataProperties.swift"; sourceTree = "<group>"; };
		DC169F031BDBD6BC00742B9A /* Art.swift */ = {isa = PBXFileReference; fileEncoding = 4; lastKnownFileType = sourcecode.swift; name = Art.swift; path = NearbEYE/Art.swift; sourceTree = "<group>"; };
		DC169F041BDBD6BC00742B9A /* Playgrounds+CoreDataProperties.swift */ = {isa = PBXFileReference; fileEncoding = 4; lastKnownFileType = sourcecode.swift; name = "Playgrounds+CoreDataProperties.swift"; path = "NearbEYE/Playgrounds+CoreDataProperties.swift"; sourceTree = "<group>"; };
		DC169F051BDBD6BC00742B9A /* Playgrounds.swift */ = {isa = PBXFileReference; fileEncoding = 4; lastKnownFileType = sourcecode.swift; name = Playgrounds.swift; path = NearbEYE/Playgrounds.swift; sourceTree = "<group>"; };
		DC169F171BDBD82A00742B9A /* ParseParksOp.swift */ = {isa = PBXFileReference; fileEncoding = 4; lastKnownFileType = sourcecode.swift; name = ParseParksOp.swift; path = ../ParseParksOp.swift; sourceTree = "<group>"; };
		DC169F191BDBDBFD00742B9A /* ParseWorshipPlacesOp.swift */ = {isa = PBXFileReference; fileEncoding = 4; lastKnownFileType = sourcecode.swift; path = ParseWorshipPlacesOp.swift; sourceTree = "<group>"; };
		DC169F1B1BDBDD2800742B9A /* ParsePlayGroundsOp.swift */ = {isa = PBXFileReference; fileEncoding = 4; lastKnownFileType = sourcecode.swift; path = ParsePlayGroundsOp.swift; sourceTree = "<group>"; };
		DC169F1D1BDBDF4C00742B9A /* ParsePOIsOP.swift */ = {isa = PBXFileReference; fileEncoding = 4; lastKnownFileType = sourcecode.swift; path = ParsePOIsOP.swift; sourceTree = "<group>"; };
		DC169F1F1BDBDFE500742B9A /* ParsePublicArtOp.swift */ = {isa = PBXFileReference; fileEncoding = 4; lastKnownFileType = sourcecode.swift; path = ParsePublicArtOp.swift; sourceTree = "<group>"; };
		DC169F211BDBE1F400742B9A /* ParseSportFieldsOp.swift */ = {isa = PBXFileReference; fileEncoding = 4; lastKnownFileType = sourcecode.swift; path = ParseSportFieldsOp.swift; sourceTree = "<group>"; };
		DC169F231BDBE35600742B9A /* ParseUrbdanDesignAOp.swift */ = {isa = PBXFileReference; fileEncoding = 4; lastKnownFileType = sourcecode.swift; path = ParseUrbdanDesignAOp.swift; sourceTree = "<group>"; };
		DC169F251BDBF55D00742B9A /* SingleViewCoreData.sqlite */ = {isa = PBXFileReference; lastKnownFileType = file; path = SingleViewCoreData.sqlite; sourceTree = "<group>"; };
		DC169F261BDBF55D00742B9A /* SingleViewCoreData.sqlite-shm */ = {isa = PBXFileReference; lastKnownFileType = file; path = "SingleViewCoreData.sqlite-shm"; sourceTree = "<group>"; };
		DC169F271BDBF55D00742B9A /* SingleViewCoreData.sqlite-wal */ = {isa = PBXFileReference; lastKnownFileType = file; path = "SingleViewCoreData.sqlite-wal"; sourceTree = "<group>"; };
		DC169F281BDBF5C400742B9A /* CoreDataCommunicator.swift */ = {isa = PBXFileReference; fileEncoding = 4; lastKnownFileType = sourcecode.swift; path = CoreDataCommunicator.swift; sourceTree = "<group>"; };
/* End PBXFileReference section */

/* Begin PBXFrameworksBuildPhase section */
		DC169EC01BDBCA5300742B9A /* Frameworks */ = {
			isa = PBXFrameworksBuildPhase;
			buildActionMask = 2147483647;
			files = (
			);
			runOnlyForDeploymentPostprocessing = 0;
		};
/* End PBXFrameworksBuildPhase section */

/* Begin PBXGroup section */
		93387DDB1BDBFC24009B7963 /* TableViewCells */ = {
			isa = PBXGroup;
			children = (
				93387DDC1BDBFC75009B7963 /* TableViewCellParks.swift */,
				93387DDD1BDBFC75009B7963 /* TableViewCellParks.xib */,
				93387DE01BDC03C1009B7963 /* TableViewCellSportField.swift */,
				93387DE11BDC03C1009B7963 /* TableViewCellSportField.xib */,
				93387DE41BDC064C009B7963 /* TableViewCellPlayground.swift */,
				93387DE51BDC064C009B7963 /* TableViewCellPlayground.xib */,
				93387DE81BDC084B009B7963 /* TableViewCellRink.swift */,
				93387DE91BDC084B009B7963 /* TableViewCellRink.xib */,
				93387DEC1BDC11ED009B7963 /* TableViewCellWorship.swift */,
				93387DED1BDC11ED009B7963 /* TableViewCellWorship.xib */,
				93387DF01BDC132C009B7963 /* TableViewCellArt.swift */,
				93387DF11BDC132C009B7963 /* TableViewCellArt.xib */,
			);
			name = TableViewCells;
			sourceTree = "<group>";
		};
		DC169EBA1BDBCA5300742B9A = {
			isa = PBXGroup;
			children = (
				DC169F161BDBD6C100742B9A /* NSManagedObjects */,
				DC169EC51BDBCA5300742B9A /* NearbEYE */,
				DC169EC41BDBCA5300742B9A /* Products */,
			);
			sourceTree = "<group>";
		};
		DC169EC41BDBCA5300742B9A /* Products */ = {
			isa = PBXGroup;
			children = (
				DC169EC31BDBCA5300742B9A /* NearbEYE.app */,
			);
			name = Products;
			sourceTree = "<group>";
		};
		DC169EC51BDBCA5300742B9A /* NearbEYE */ = {
			isa = PBXGroup;
			children = (
				93387DDB1BDBFC24009B7963 /* TableViewCells */,
				DC169EC61BDBCA5300742B9A /* AppDelegate.swift */,
				DC169EC81BDBCA5300742B9A /* ViewController.swift */,
				DC169F281BDBF5C400742B9A /* CoreDataCommunicator.swift */,
				DC169ECA1BDBCA5300742B9A /* Main.storyboard */,
				DC169EEB1BDBCD1D00742B9A /* JSON */,
				DC169ED01BDBCA5300742B9A /* Assets.xcassets */,
				DC169ED21BDBCA5300742B9A /* LaunchScreen.storyboard */,
				DC169ED51BDBCA5300742B9A /* Info.plist */,
				DC169ECD1BDBCA5300742B9A /* NearbEYE.xcdatamodeld */,
				DC169EEC1BDBD45E00742B9A /* Operation.swift */,
				DC169EF01BDBD47B00742B9A /* LoadJSONOperation.swift */,
				DC169F171BDBD82A00742B9A /* ParseParksOp.swift */,
				DC169EF41BDBD54B00742B9A /* ParseRinksOp.swift */,
				DC169F211BDBE1F400742B9A /* ParseSportFieldsOp.swift */,
				DC169F231BDBE35600742B9A /* ParseUrbdanDesignAOp.swift */,
				DC169F1D1BDBDF4C00742B9A /* ParsePOIsOP.swift */,
				DC169F1B1BDBDD2800742B9A /* ParsePlayGroundsOp.swift */,
				DC169F1F1BDBDFE500742B9A /* ParsePublicArtOp.swift */,
				DC169F191BDBDBFD00742B9A /* ParseWorshipPlacesOp.swift */,
				DC169EF21BDBD4BB00742B9A /* PolygonsFromJSONOperation.swift */,
				DC169EED1BDBD45E00742B9A /* OperationQueue.swift */,
			);
			path = NearbEYE;
			sourceTree = "<group>";
		};
		DC169EEB1BDBCD1D00742B9A /* JSON */ = {
			isa = PBXGroup;
			children = (
				DC169EDB1BDBCD1800742B9A /* OutdoorRinks.json */,
				DC169EDC1BDBCD1800742B9A /* ParksSpaces.json */,
				DC169EDD1BDBCD1800742B9A /* PlacesOfWorship.json */,
				DC169EDE1BDBCD1800742B9A /* Playgrounds.json */,
				DC169EDF1BDBCD1800742B9A /* PointsOfInterest.json */,
				DC169EE01BDBCD1800742B9A /* PublicArt.json */,
				DC169EE11BDBCD1800742B9A /* SportsFieldsDiamonds.json */,
				DC169EE21BDBCD1800742B9A /* UrbanDesignAwards.json */,
			);
			name = JSON;
			sourceTree = "<group>";
		};
		DC169F161BDBD6C100742B9A /* NSManagedObjects */ = {
			isa = PBXGroup;
			children = (
				DC169EF61BDBD6BC00742B9A /* PointOfInterest+CoreDataProperties.swift */,
				DC169EF71BDBD6BC00742B9A /* PointOfInterest.swift */,
				DC169EF81BDBD6BC00742B9A /* SportField+CoreDataProperties.swift */,
				DC169EF91BDBD6BC00742B9A /* SportField.swift */,
				DC169EFA1BDBD6BC00742B9A /* PlacesOfWorship+CoreDataProperties.swift */,
				DC169EFB1BDBD6BC00742B9A /* PlacesOfWorship.swift */,
				DC169EFC1BDBD6BC00742B9A /* Rink+CoreDataProperties.swift */,
				DC169EFD1BDBD6BC00742B9A /* Rink.swift */,
				DC169EFE1BDBD6BC00742B9A /* Park+CoreDataProperties.swift */,
				DC169EFF1BDBD6BC00742B9A /* Park.swift */,
				DC169F001BDBD6BC00742B9A /* UrbanDesignAward+CoreDataProperties.swift */,
				DC169F011BDBD6BC00742B9A /* UrbanDesignAward.swift */,
				DC169F021BDBD6BC00742B9A /* Art+CoreDataProperties.swift */,
				DC169F031BDBD6BC00742B9A /* Art.swift */,
				DC169F041BDBD6BC00742B9A /* Playgrounds+CoreDataProperties.swift */,
				DC169F051BDBD6BC00742B9A /* Playgrounds.swift */,
				DC169F251BDBF55D00742B9A /* SingleViewCoreData.sqlite */,
				DC169F261BDBF55D00742B9A /* SingleViewCoreData.sqlite-shm */,
				DC169F271BDBF55D00742B9A /* SingleViewCoreData.sqlite-wal */,
			);
			name = NSManagedObjects;
			sourceTree = "<group>";
		};
/* End PBXGroup section */

/* Begin PBXNativeTarget section */
		DC169EC21BDBCA5300742B9A /* NearbEYE */ = {
			isa = PBXNativeTarget;
			buildConfigurationList = DC169ED81BDBCA5300742B9A /* Build configuration list for PBXNativeTarget "NearbEYE" */;
			buildPhases = (
				DC169EBF1BDBCA5300742B9A /* Sources */,
				DC169EC01BDBCA5300742B9A /* Frameworks */,
				DC169EC11BDBCA5300742B9A /* Resources */,
			);
			buildRules = (
			);
			dependencies = (
			);
			name = NearbEYE;
			productName = NearbEYE;
			productReference = DC169EC31BDBCA5300742B9A /* NearbEYE.app */;
			productType = "com.apple.product-type.application";
		};
/* End PBXNativeTarget section */

/* Begin PBXProject section */
		DC169EBB1BDBCA5300742B9A /* Project object */ = {
			isa = PBXProject;
			attributes = {
				LastSwiftUpdateCheck = 0710;
				LastUpgradeCheck = 0710;
				ORGANIZATIONNAME = "Stephen Melinyshyn";
				TargetAttributes = {
					DC169EC21BDBCA5300742B9A = {
						CreatedOnToolsVersion = 7.1;
						DevelopmentTeam = XFM26W33X8;
					};
				};
			};
			buildConfigurationList = DC169EBE1BDBCA5300742B9A /* Build configuration list for PBXProject "NearbEYE" */;
			compatibilityVersion = "Xcode 3.2";
			developmentRegion = English;
			hasScannedForEncodings = 0;
			knownRegions = (
				en,
				Base,
			);
			mainGroup = DC169EBA1BDBCA5300742B9A;
			productRefGroup = DC169EC41BDBCA5300742B9A /* Products */;
			projectDirPath = "";
			projectRoot = "";
			targets = (
				DC169EC21BDBCA5300742B9A /* NearbEYE */,
			);
		};
/* End PBXProject section */

/* Begin PBXResourcesBuildPhase section */
		DC169EC11BDBCA5300742B9A /* Resources */ = {
			isa = PBXResourcesBuildPhase;
			buildActionMask = 2147483647;
			files = (
				DC169EE31BDBCD1800742B9A /* OutdoorRinks.json in Resources */,
				DC169ED41BDBCA5300742B9A /* LaunchScreen.storyboard in Resources */,
				DC169ED11BDBCA5300742B9A /* Assets.xcassets in Resources */,
				93387DF31BDC132C009B7963 /* TableViewCellArt.xib in Resources */,
				93387DDF1BDBFC75009B7963 /* TableViewCellParks.xib in Resources */,
				DC169EE71BDBCD1800742B9A /* PointsOfInterest.json in Resources */,
				DC169EE91BDBCD1800742B9A /* SportsFieldsDiamonds.json in Resources */,
				93387DEB1BDC084B009B7963 /* TableViewCellRink.xib in Resources */,
				93387DE31BDC03C1009B7963 /* TableViewCellSportField.xib in Resources */,
				93387DEF1BDC11ED009B7963 /* TableViewCellWorship.xib in Resources */,
				DC169EE61BDBCD1800742B9A /* Playgrounds.json in Resources */,
				93387DE71BDC064C009B7963 /* TableViewCellPlayground.xib in Resources */,
				DC169EE81BDBCD1800742B9A /* PublicArt.json in Resources */,
				DC169EEA1BDBCD1800742B9A /* UrbanDesignAwards.json in Resources */,
				DC169EE51BDBCD1800742B9A /* PlacesOfWorship.json in Resources */,
				DC169EE41BDBCD1800742B9A /* ParksSpaces.json in Resources */,
				DC169ECC1BDBCA5300742B9A /* Main.storyboard in Resources */,
			);
			runOnlyForDeploymentPostprocessing = 0;
		};
/* End PBXResourcesBuildPhase section */

/* Begin PBXSourcesBuildPhase section */
		DC169EBF1BDBCA5300742B9A /* Sources */ = {
			isa = PBXSourcesBuildPhase;
			buildActionMask = 2147483647;
			files = (
				DC169EC91BDBCA5300742B9A /* ViewController.swift in Sources */,
				93387DE21BDC03C1009B7963 /* TableViewCellSportField.swift in Sources */,
				DC169F1E1BDBDF4C00742B9A /* ParsePOIsOP.swift in Sources */,
				DC169F1A1BDBDBFD00742B9A /* ParseWorshipPlacesOp.swift in Sources */,
				DC169EC71BDBCA5300742B9A /* AppDelegate.swift in Sources */,
				93387DE61BDC064C009B7963 /* TableViewCellPlayground.swift in Sources */,
				DC169F1C1BDBDD2800742B9A /* ParsePlayGroundsOp.swift in Sources */,
				DC169ECF1BDBCA5300742B9A /* NearbEYE.xcdatamodeld in Sources */,
				DC169F0B1BDBD6BC00742B9A /* PlacesOfWorship.swift in Sources */,
				DC169EF11BDBD47B00742B9A /* LoadJSONOperation.swift in Sources */,
				DC169F141BDBD6BC00742B9A /* Playgrounds+CoreDataProperties.swift in Sources */,
				DC169F291BDBF5C400742B9A /* CoreDataCommunicator.swift in Sources */,
				DC169EEE1BDBD45E00742B9A /* Operation.swift in Sources */,
				93387DEA1BDC084B009B7963 /* TableViewCellRink.swift in Sources */,
				93387DDE1BDBFC75009B7963 /* TableViewCellParks.swift in Sources */,
				DC169F121BDBD6BC00742B9A /* Art+CoreDataProperties.swift in Sources */,
				DC169F061BDBD6BC00742B9A /* PointOfInterest+CoreDataProperties.swift in Sources */,
				DC169F0F1BDBD6BC00742B9A /* Park.swift in Sources */,
				DC169F101BDBD6BC00742B9A /* UrbanDesignAward+CoreDataProperties.swift in Sources */,
				DC169F0E1BDBD6BC00742B9A /* Park+CoreDataProperties.swift in Sources */,
				DC169F151BDBD6BC00742B9A /* Playgrounds.swift in Sources */,
				DC169EF31BDBD4BB00742B9A /* PolygonsFromJSONOperation.swift in Sources */,
				DC169F0A1BDBD6BC00742B9A /* PlacesOfWorship+CoreDataProperties.swift in Sources */,
				93387DF21BDC132C009B7963 /* TableViewCellArt.swift in Sources */,
				DC169F181BDBD82A00742B9A /* ParseParksOp.swift in Sources */,
				DC169F0D1BDBD6BC00742B9A /* Rink.swift in Sources */,
				DC169F0C1BDBD6BC00742B9A /* Rink+CoreDataProperties.swift in Sources */,
				DC169F201BDBDFE500742B9A /* ParsePublicArtOp.swift in Sources */,
				93387DEE1BDC11ED009B7963 /* TableViewCellWorship.swift in Sources */,
				DC169F221BDBE1F400742B9A /* ParseSportFieldsOp.swift in Sources */,
				DC169F091BDBD6BC00742B9A /* SportField.swift in Sources */,
				DC169F071BDBD6BC00742B9A /* PointOfInterest.swift in Sources */,
				DC169F131BDBD6BC00742B9A /* Art.swift in Sources */,
				DC169EF51BDBD54B00742B9A /* ParseRinksOp.swift in Sources */,
				DC169F081BDBD6BC00742B9A /* SportField+CoreDataProperties.swift in Sources */,
				DC169F241BDBE35600742B9A /* ParseUrbdanDesignAOp.swift in Sources */,
				DC169F111BDBD6BC00742B9A /* UrbanDesignAward.swift in Sources */,
				DC169EEF1BDBD45E00742B9A /* OperationQueue.swift in Sources */,
			);
			runOnlyForDeploymentPostprocessing = 0;
		};
/* End PBXSourcesBuildPhase section */

/* Begin PBXVariantGroup section */
		DC169ECA1BDBCA5300742B9A /* Main.storyboard */ = {
			isa = PBXVariantGroup;
			children = (
				DC169ECB1BDBCA5300742B9A /* Base */,
			);
			name = Main.storyboard;
			sourceTree = "<group>";
		};
		DC169ED21BDBCA5300742B9A /* LaunchScreen.storyboard */ = {
			isa = PBXVariantGroup;
			children = (
				DC169ED31BDBCA5300742B9A /* Base */,
			);
			name = LaunchScreen.storyboard;
			sourceTree = "<group>";
		};
/* End PBXVariantGroup section */

/* Begin XCBuildConfiguration section */
		DC169ED61BDBCA5300742B9A /* Debug */ = {
			isa = XCBuildConfiguration;
			buildSettings = {
				ALWAYS_SEARCH_USER_PATHS = NO;
				CLANG_CXX_LANGUAGE_STANDARD = "gnu++0x";
				CLANG_CXX_LIBRARY = "libc++";
				CLANG_ENABLE_MODULES = YES;
				CLANG_ENABLE_OBJC_ARC = YES;
				CLANG_WARN_BOOL_CONVERSION = YES;
				CLANG_WARN_CONSTANT_CONVERSION = YES;
				CLANG_WARN_DIRECT_OBJC_ISA_USAGE = YES_ERROR;
				CLANG_WARN_EMPTY_BODY = YES;
				CLANG_WARN_ENUM_CONVERSION = YES;
				CLANG_WARN_INT_CONVERSION = YES;
				CLANG_WARN_OBJC_ROOT_CLASS = YES_ERROR;
				CLANG_WARN_UNREACHABLE_CODE = YES;
				CLANG_WARN__DUPLICATE_METHOD_MATCH = YES;
				"CODE_SIGN_IDENTITY[sdk=iphoneos*]" = "iPhone Developer";
				COPY_PHASE_STRIP = NO;
				DEBUG_INFORMATION_FORMAT = dwarf;
				ENABLE_STRICT_OBJC_MSGSEND = YES;
				ENABLE_TESTABILITY = YES;
				GCC_C_LANGUAGE_STANDARD = gnu99;
				GCC_DYNAMIC_NO_PIC = NO;
				GCC_NO_COMMON_BLOCKS = YES;
				GCC_OPTIMIZATION_LEVEL = 0;
				GCC_PREPROCESSOR_DEFINITIONS = (
					"DEBUG=1",
					"$(inherited)",
				);
				GCC_WARN_64_TO_32_BIT_CONVERSION = YES;
				GCC_WARN_ABOUT_RETURN_TYPE = YES_ERROR;
				GCC_WARN_UNDECLARED_SELECTOR = YES;
				GCC_WARN_UNINITIALIZED_AUTOS = YES_AGGRESSIVE;
				GCC_WARN_UNUSED_FUNCTION = YES;
				GCC_WARN_UNUSED_VARIABLE = YES;
				IPHONEOS_DEPLOYMENT_TARGET = 9.1;
				MTL_ENABLE_DEBUG_INFO = YES;
				ONLY_ACTIVE_ARCH = YES;
				SDKROOT = iphoneos;
				SWIFT_OPTIMIZATION_LEVEL = "-Onone";
				TARGETED_DEVICE_FAMILY = "1,2";
			};
			name = Debug;
		};
		DC169ED71BDBCA5300742B9A /* Release */ = {
			isa = XCBuildConfiguration;
			buildSettings = {
				ALWAYS_SEARCH_USER_PATHS = NO;
				CLANG_CXX_LANGUAGE_STANDARD = "gnu++0x";
				CLANG_CXX_LIBRARY = "libc++";
				CLANG_ENABLE_MODULES = YES;
				CLANG_ENABLE_OBJC_ARC = YES;
				CLANG_WARN_BOOL_CONVERSION = YES;
				CLANG_WARN_CONSTANT_CONVERSION = YES;
				CLANG_WARN_DIRECT_OBJC_ISA_USAGE = YES_ERROR;
				CLANG_WARN_EMPTY_BODY = YES;
				CLANG_WARN_ENUM_CONVERSION = YES;
				CLANG_WARN_INT_CONVERSION = YES;
				CLANG_WARN_OBJC_ROOT_CLASS = YES_ERROR;
				CLANG_WARN_UNREACHABLE_CODE = YES;
				CLANG_WARN__DUPLICATE_METHOD_MATCH = YES;
				"CODE_SIGN_IDENTITY[sdk=iphoneos*]" = "iPhone Developer";
				COPY_PHASE_STRIP = NO;
				DEBUG_INFORMATION_FORMAT = "dwarf-with-dsym";
				ENABLE_NS_ASSERTIONS = NO;
				ENABLE_STRICT_OBJC_MSGSEND = YES;
				GCC_C_LANGUAGE_STANDARD = gnu99;
				GCC_NO_COMMON_BLOCKS = YES;
				GCC_WARN_64_TO_32_BIT_CONVERSION = YES;
				GCC_WARN_ABOUT_RETURN_TYPE = YES_ERROR;
				GCC_WARN_UNDECLARED_SELECTOR = YES;
				GCC_WARN_UNINITIALIZED_AUTOS = YES_AGGRESSIVE;
				GCC_WARN_UNUSED_FUNCTION = YES;
				GCC_WARN_UNUSED_VARIABLE = YES;
				IPHONEOS_DEPLOYMENT_TARGET = 9.1;
				MTL_ENABLE_DEBUG_INFO = NO;
				SDKROOT = iphoneos;
				TARGETED_DEVICE_FAMILY = "1,2";
				VALIDATE_PRODUCT = YES;
			};
			name = Release;
		};
		DC169ED91BDBCA5300742B9A /* Debug */ = {
			isa = XCBuildConfiguration;
			buildSettings = {
				ASSETCATALOG_COMPILER_APPICON_NAME = AppIcon;
				CODE_SIGN_IDENTITY = "iPhone Developer";
				"CODE_SIGN_IDENTITY[sdk=iphoneos*]" = "iPhone Developer";
				INFOPLIST_FILE = NearbEYE/Info.plist;
				LD_RUNPATH_SEARCH_PATHS = "$(inherited) @executable_path/Frameworks";
				PRODUCT_BUNDLE_IDENTIFIER = NearbEYE;
				PRODUCT_NAME = "$(TARGET_NAME)";
				PROVISIONING_PROFILE = "";
			};
			name = Debug;
		};
		DC169EDA1BDBCA5300742B9A /* Release */ = {
			isa = XCBuildConfiguration;
			buildSettings = {
				ASSETCATALOG_COMPILER_APPICON_NAME = AppIcon;
				CODE_SIGN_IDENTITY = "iPhone Developer";
				"CODE_SIGN_IDENTITY[sdk=iphoneos*]" = "iPhone Developer";
				INFOPLIST_FILE = NearbEYE/Info.plist;
				LD_RUNPATH_SEARCH_PATHS = "$(inherited) @executable_path/Frameworks";
				PRODUCT_BUNDLE_IDENTIFIER = NearbEYE;
				PRODUCT_NAME = "$(TARGET_NAME)";
				PROVISIONING_PROFILE = "";
			};
			name = Release;
		};
/* End XCBuildConfiguration section */

/* Begin XCConfigurationList section */
		DC169EBE1BDBCA5300742B9A /* Build configuration list for PBXProject "NearbEYE" */ = {
			isa = XCConfigurationList;
			buildConfigurations = (
				DC169ED61BDBCA5300742B9A /* Debug */,
				DC169ED71BDBCA5300742B9A /* Release */,
			);
			defaultConfigurationIsVisible = 0;
			defaultConfigurationName = Release;
		};
		DC169ED81BDBCA5300742B9A /* Build configuration list for PBXNativeTarget "NearbEYE" */ = {
			isa = XCConfigurationList;
			buildConfigurations = (
				DC169ED91BDBCA5300742B9A /* Debug */,
				DC169EDA1BDBCA5300742B9A /* Release */,
			);
			defaultConfigurationIsVisible = 0;
			defaultConfigurationName = Release;
		};
/* End XCConfigurationList section */

/* Begin XCVersionGroup section */
		DC169ECD1BDBCA5300742B9A /* NearbEYE.xcdatamodeld */ = {
			isa = XCVersionGroup;
			children = (
				DC169ECE1BDBCA5300742B9A /* NearbEYE.xcdatamodel */,
			);
			currentVersion = DC169ECE1BDBCA5300742B9A /* NearbEYE.xcdatamodel */;
			path = NearbEYE.xcdatamodeld;
			sourceTree = "<group>";
			versionGroupType = wrapper.xcdatamodel;
		};
/* End XCVersionGroup section */
	};
	rootObject = DC169EBB1BDBCA5300742B9A /* Project object */;
}
